
Microsoft Visual Studio Solution File, Format Version 12.00
# Visual Studio 15
VisualStudioVersion = 15.0.26124.0
MinimumVisualStudioVersion = 15.0.26124.0
Project("{2150E333-8FDC-42A3-9474-1A3956D46DE8}") = "RandomQuestion", "RandomQuestion", "{DCBF6D8E-D47F-4970-BA0F-F6FDA7C4840E}"
EndProject
Project("{2150E333-8FDC-42A3-9474-1A3956D46DE8}") = "src", "src", "{915FE974-429F-43A9-8BAA-6A6A1DECE166}"
EndProject
Project("{FAE04EC0-301F-11D3-BF4B-00C04F79EFBC}") = "Tests", "RandomQuestion\src\Test\Tests.csproj", "{C67B901B-2EEE-4A38-8757-546E365EE2A2}"
EndProject
Project("{FAE04EC0-301F-11D3-BF4B-00C04F79EFBC}") = "RandomQuestion.Filter", "RandomQuestion\src\Filter\RandomQuestion.Filter.csproj", "{7522117E-9D35-4E48-922C-97589C52ECCC}"
EndProject
Project("{FAE04EC0-301F-11D3-BF4B-00C04F79EFBC}") = "RandomQuestion.Web", "RandomQuestion\src\Example\RandomQuestion.Web.csproj", "{A18328DA-DA8B-4B5E-9845-E691C17DB02A}"
EndProject
Global
	GlobalSection(SolutionConfigurationPlatforms) = preSolution
		Debug|Any CPU = Debug|Any CPU
		Debug|x64 = Debug|x64
		Debug|x86 = Debug|x86
		Release|Any CPU = Release|Any CPU
		Release|x64 = Release|x64
		Release|x86 = Release|x86
	EndGlobalSection
	GlobalSection(SolutionProperties) = preSolution
		HideSolutionNode = FALSE
	EndGlobalSection
	GlobalSection(ProjectConfigurationPlatforms) = postSolution
		{C67B901B-2EEE-4A38-8757-546E365EE2A2}.Debug|Any CPU.ActiveCfg = Debug|Any CPU
		{C67B901B-2EEE-4A38-8757-546E365EE2A2}.Debug|Any CPU.Build.0 = Debug|Any CPU
		{C67B901B-2EEE-4A38-8757-546E365EE2A2}.Debug|x64.ActiveCfg = Debug|Any CPU
		{C67B901B-2EEE-4A38-8757-546E365EE2A2}.Debug|x64.Build.0 = Debug|Any CPU
		{C67B901B-2EEE-4A38-8757-546E365EE2A2}.Debug|x86.ActiveCfg = Debug|Any CPU
		{C67B901B-2EEE-4A38-8757-546E365EE2A2}.Debug|x86.Build.0 = Debug|Any CPU
		{C67B901B-2EEE-4A38-8757-546E365EE2A2}.Release|Any CPU.ActiveCfg = Release|Any CPU
		{C67B901B-2EEE-4A38-8757-546E365EE2A2}.Release|Any CPU.Build.0 = Release|Any CPU
		{C67B901B-2EEE-4A38-8757-546E365EE2A2}.Release|x64.ActiveCfg = Release|Any CPU
		{C67B901B-2EEE-4A38-8757-546E365EE2A2}.Release|x64.Build.0 = Release|Any CPU
		{C67B901B-2EEE-4A38-8757-546E365EE2A2}.Release|x86.ActiveCfg = Release|Any CPU
		{C67B901B-2EEE-4A38-8757-546E365EE2A2}.Release|x86.Build.0 = Release|Any CPU
		{7522117E-9D35-4E48-922C-97589C52ECCC}.Debug|Any CPU.ActiveCfg = Debug|Any CPU
		{7522117E-9D35-4E48-922C-97589C52ECCC}.Debug|Any CPU.Build.0 = Debug|Any CPU
		{7522117E-9D35-4E48-922C-97589C52ECCC}.Debug|x64.ActiveCfg = Debug|Any CPU
		{7522117E-9D35-4E48-922C-97589C52ECCC}.Debug|x64.Build.0 = Debug|Any CPU
		{7522117E-9D35-4E48-922C-97589C52ECCC}.Debug|x86.ActiveCfg = Debug|Any CPU
		{7522117E-9D35-4E48-922C-97589C52ECCC}.Debug|x86.Build.0 = Debug|Any CPU
		{7522117E-9D35-4E48-922C-97589C52ECCC}.Release|Any CPU.ActiveCfg = Release|Any CPU
		{7522117E-9D35-4E48-922C-97589C52ECCC}.Release|Any CPU.Build.0 = Release|Any CPU
		{7522117E-9D35-4E48-922C-97589C52ECCC}.Release|x64.ActiveCfg = Release|Any CPU
		{7522117E-9D35-4E48-922C-97589C52ECCC}.Release|x64.Build.0 = Release|Any CPU
		{7522117E-9D35-4E48-922C-97589C52ECCC}.Release|x86.ActiveCfg = Release|Any CPU
		{7522117E-9D35-4E48-922C-97589C52ECCC}.Release|x86.Build.0 = Release|Any CPU
		{A18328DA-DA8B-4B5E-9845-E691C17DB02A}.Debug|Any CPU.ActiveCfg = Debug|Any CPU
		{A18328DA-DA8B-4B5E-9845-E691C17DB02A}.Debug|Any CPU.Build.0 = Debug|Any CPU
		{A18328DA-DA8B-4B5E-9845-E691C17DB02A}.Debug|x64.ActiveCfg = Debug|Any CPU
		{A18328DA-DA8B-4B5E-9845-E691C17DB02A}.Debug|x64.Build.0 = Debug|Any CPU
		{A18328DA-DA8B-4B5E-9845-E691C17DB02A}.Debug|x86.ActiveCfg = Debug|Any CPU
		{A18328DA-DA8B-4B5E-9845-E691C17DB02A}.Debug|x86.Build.0 = Debug|Any CPU
		{A18328DA-DA8B-4B5E-9845-E691C17DB02A}.Release|Any CPU.ActiveCfg = Release|Any CPU
		{A18328DA-DA8B-4B5E-9845-E691C17DB02A}.Release|Any CPU.Build.0 = Release|Any CPU
		{A18328DA-DA8B-4B5E-9845-E691C17DB02A}.Release|x64.ActiveCfg = Release|Any CPU
		{A18328DA-DA8B-4B5E-9845-E691C17DB02A}.Release|x64.Build.0 = Release|Any CPU
		{A18328DA-DA8B-4B5E-9845-E691C17DB02A}.Release|x86.ActiveCfg = Release|Any CPU
		{A18328DA-DA8B-4B5E-9845-E691C17DB02A}.Release|x86.Build.0 = Release|Any CPU
	EndGlobalSection
	GlobalSection(NestedProjects) = preSolution
		{915FE974-429F-43A9-8BAA-6A6A1DECE166} = {DCBF6D8E-D47F-4970-BA0F-F6FDA7C4840E}
		{C67B901B-2EEE-4A38-8757-546E365EE2A2} = {915FE974-429F-43A9-8BAA-6A6A1DECE166}
		{7522117E-9D35-4E48-922C-97589C52ECCC} = {915FE974-429F-43A9-8BAA-6A6A1DECE166}
		{A18328DA-DA8B-4B5E-9845-E691C17DB02A} = {915FE974-429F-43A9-8BAA-6A6A1DECE166}
	EndGlobalSection
EndGlobal
